
Microsoft Visual Studio Solution File, Format Version 12.00
# Visual Studio Version 16
VisualStudioVersion = 16.0.32228.343
MinimumVisualStudioVersion = 10.0.40219.1
Project("{9A19103F-16F7-4668-BE54-9A1E7A4F7556}") = "Mercury.Language.Core", "Mercury.Language.Core\Mercury.Language.Core.csproj", "{80C574A5-EB34-4BA5-8BEA-699114164522}"
EndProject
Project("{FAE04EC0-301F-11D3-BF4B-00C04F79EFBC}") = "Mercury.Language.Core.Test", "Mercury.Language.Core.Test\Mercury.Language.Core.Test.csproj", "{46D58033-504A-49E9-9CA0-14270BA42AD9}"
EndProject
Global
	GlobalSection(SolutionConfigurationPlatforms) = preSolution
		Debug|Any CPU = Debug|Any CPU
		Release|Any CPU = Release|Any CPU
	EndGlobalSection
	GlobalSection(ProjectConfigurationPlatforms) = postSolution
		{80C574A5-EB34-4BA5-8BEA-699114164522}.Debug|Any CPU.ActiveCfg = Debug|Any CPU
		{80C574A5-EB34-4BA5-8BEA-699114164522}.Debug|Any CPU.Build.0 = Debug|Any CPU
		{80C574A5-EB34-4BA5-8BEA-699114164522}.Release|Any CPU.ActiveCfg = Release|Any CPU
		{80C574A5-EB34-4BA5-8BEA-699114164522}.Release|Any CPU.Build.0 = Release|Any CPU
		{46D58033-504A-49E9-9CA0-14270BA42AD9}.Debug|Any CPU.ActiveCfg = Debug|Any CPU
		{46D58033-504A-49E9-9CA0-14270BA42AD9}.Debug|Any CPU.Build.0 = Debug|Any CPU
		{46D58033-504A-49E9-9CA0-14270BA42AD9}.Release|Any CPU.ActiveCfg = Release|Any CPU
		{46D58033-504A-49E9-9CA0-14270BA42AD9}.Release|Any CPU.Build.0 = Release|Any CPU
	EndGlobalSection
	GlobalSection(SolutionProperties) = preSolution
		HideSolutionNode = FALSE
	EndGlobalSection
	GlobalSection(ExtensibilityGlobals) = postSolution
		SolutionGuid = {216DE06E-E4F0-4A58-A144-C9301CA57F9C}
	EndGlobalSection
EndGlobal
